
Microsoft Visual Studio Solution File, Format Version 12.00
# Visual Studio 2012
Project("{FAE04EC0-301F-11D3-BF4B-00C04F79EFBC}") = "FirstPropertyManagementWB", "FirstPropertyManagementWB\FirstPropertyManagementWB.csproj", "{327334AB-AD06-4FC1-B8F1-6E006DDD5103}"
EndProject
Global
	GlobalSection(SolutionConfigurationPlatforms) = preSolution
		Debug|x86 = Debug|x86
		Release|x86 = Release|x86
	EndGlobalSection
	GlobalSection(ProjectConfigurationPlatforms) = postSolution
		{327334AB-AD06-4FC1-B8F1-6E006DDD5103}.Debug|x86.ActiveCfg = Debug|x86
		{327334AB-AD06-4FC1-B8F1-6E006DDD5103}.Debug|x86.Build.0 = Debug|x86
		{327334AB-AD06-4FC1-B8F1-6E006DDD5103}.Release|x86.ActiveCfg = Release|x86
		{327334AB-AD06-4FC1-B8F1-6E006DDD5103}.Release|x86.Build.0 = Release|x86
	EndGlobalSection
EndGlobal
